
Microsoft Visual Studio Solution File, Format Version 12.00
# Visual Studio 2012
Project("{FAE04EC0-301F-11D3-BF4B-00C04F79EFBC}") = "FiguresAndGroups.ObjectModel", "FiguresAndGroups.ObjectModel\FiguresAndGroups.ObjectModel.csproj", "{0F32A29D-E18D-48CD-A531-076064CF969A}"
EndProject
Project("{FAE04EC0-301F-11D3-BF4B-00C04F79EFBC}") = "FiguresAndGroups.UserModelExample", "FigureAndGroups.UserModelExample\FiguresAndGroups.UserModelExample.csproj", "{85DF1915-8AAB-4ED3-BBEC-5828434D3FD5}"
EndProject
Project("{FAE04EC0-301F-11D3-BF4B-00C04F79EFBC}") = "FiguresAndGroups.Tests", "FigureAndGroups.Tests\FiguresAndGroups.Tests.csproj", "{2ED8E2B1-6E6E-40B4-97BF-C7D0CBE1DAB6}"
EndProject
Project("{2150E333-8FDC-42A3-9474-1A3956D46DE8}") = ".nuget", ".nuget", "{0EF5FCF6-A56F-4B25-BCA6-E920FCD8AB08}"
	ProjectSection(SolutionItems) = preProject
		.nuget\NuGet.Config = .nuget\NuGet.Config
		.nuget\NuGet.exe = .nuget\NuGet.exe
		.nuget\NuGet.targets = .nuget\NuGet.targets
	EndProjectSection
EndProject
Global
	GlobalSection(SolutionConfigurationPlatforms) = preSolution
		Debug|Any CPU = Debug|Any CPU
		Release|Any CPU = Release|Any CPU
	EndGlobalSection
	GlobalSection(ProjectConfigurationPlatforms) = postSolution
		{0F32A29D-E18D-48CD-A531-076064CF969A}.Debug|Any CPU.ActiveCfg = Debug|Any CPU
		{0F32A29D-E18D-48CD-A531-076064CF969A}.Debug|Any CPU.Build.0 = Debug|Any CPU
		{0F32A29D-E18D-48CD-A531-076064CF969A}.Release|Any CPU.ActiveCfg = Release|Any CPU
		{0F32A29D-E18D-48CD-A531-076064CF969A}.Release|Any CPU.Build.0 = Release|Any CPU
		{85DF1915-8AAB-4ED3-BBEC-5828434D3FD5}.Debug|Any CPU.ActiveCfg = Debug|Any CPU
		{85DF1915-8AAB-4ED3-BBEC-5828434D3FD5}.Debug|Any CPU.Build.0 = Debug|Any CPU
		{85DF1915-8AAB-4ED3-BBEC-5828434D3FD5}.Release|Any CPU.ActiveCfg = Release|Any CPU
		{85DF1915-8AAB-4ED3-BBEC-5828434D3FD5}.Release|Any CPU.Build.0 = Release|Any CPU
		{2ED8E2B1-6E6E-40B4-97BF-C7D0CBE1DAB6}.Debug|Any CPU.ActiveCfg = Debug|Any CPU
		{2ED8E2B1-6E6E-40B4-97BF-C7D0CBE1DAB6}.Debug|Any CPU.Build.0 = Debug|Any CPU
		{2ED8E2B1-6E6E-40B4-97BF-C7D0CBE1DAB6}.Release|Any CPU.ActiveCfg = Release|Any CPU
		{2ED8E2B1-6E6E-40B4-97BF-C7D0CBE1DAB6}.Release|Any CPU.Build.0 = Release|Any CPU
	EndGlobalSection
	GlobalSection(SolutionProperties) = preSolution
		HideSolutionNode = FALSE
	EndGlobalSection
EndGlobal
